Microsoft Visual Studio Solution File, Format Version 11.00
# Visual Studio 2008

Project("{73CCFAC4-0941-B29A-255B-A61BAAB05F09}") = "3DSnake", "Assembly-CSharp.csproj", "{0C2DC2F5-0EF0-CAF6-85B9-1575A5B01E55}"
EndProject
Global
	GlobalSection(SolutionConfigurationPlatforms) = preSolution
		Debug|Any CPU = Debug|Any CPU
		Release|Any CPU = Release|Any CPU
	EndGlobalSection
	GlobalSection(ProjectConfigurationPlatforms) = postSolution
		{0C2DC2F5-0EF0-CAF6-85B9-1575A5B01E55}.Debug|Any CPU.ActiveCfg = Debug|Any CPU
		{0C2DC2F5-0EF0-CAF6-85B9-1575A5B01E55}.Debug|Any CPU.Build.0 = Debug|Any CPU
		{0C2DC2F5-0EF0-CAF6-85B9-1575A5B01E55}.Release|Any CPU.ActiveCfg = Release|Any CPU
		{0C2DC2F5-0EF0-CAF6-85B9-1575A5B01E55}.Release|Any CPU.Build.0 = Release|Any CPU
	EndGlobalSection
	GlobalSection(SolutionProperties) = preSolution
		HideSolutionNode = FALSE
	EndGlobalSection
	GlobalSection(MonoDevelopProperties) = preSolution
		StartupItem = Assembly-CSharp.csproj
	EndGlobalSection
EndGlobal
